# THIS IS AN AUTOGENERATED FILE. DO NOT EDIT THIS FILE DIRECTLY.
# yarn lockfile v1


"@types/jquery@^3.2.2":
  version "3.2.5"
  resolved "https://registry.yarnpkg.com/@types/jquery/-/jquery-3.2.5.tgz#c082efaab6a791b98131c011343b1d92a56b6019"

"jquery@1 - 3":
  version "3.2.1"
  resolved "https://registry.yarnpkg.com/jquery/-/jquery-3.2.1.tgz#5c4d9de652af6cd0a770154a631bba12b015c787"

mathquill-typescript@^2.0.5:
  version "2.0.9"
  resolved "https://registry.yarnpkg.com/mathquill-typescript/-/mathquill-typescript-2.0.9.tgz#5465b02ac2a0503eac8fc91baacf4bf1f40ad2bb"
  dependencies:
    "@types/jquery" "^3.2.2"
    jquery "1 - 3"
